
Microsoft Visual Studio Solution File, Format Version 12.00
# Visual Studio Version 17
VisualStudioVersion = 17.0.31903.59
MinimumVisualStudioVersion = 10.0.40219.1
Project("{FAE04EC0-301F-11D3-BF4B-00C04F79EFBC}") = "embedded-resources", "embedded-resources\embedded-resources.csproj", "{7240CF7C-1772-4699-B3BD-652AE71A5721}"
EndProject
Project("{FAE04EC0-301F-11D3-BF4B-00C04F79EFBC}") = "extraction", "extraction\extraction.csproj", "{4280021B-A2D7-47A3-9E98-61A19363FCB0}"
EndProject
Global
	GlobalSection(SolutionConfigurationPlatforms) = preSolution
		Debug|Any CPU = Debug|Any CPU
		Release|Any CPU = Release|Any CPU
	EndGlobalSection
	GlobalSection(SolutionProperties) = preSolution
		HideSolutionNode = FALSE
	EndGlobalSection
	GlobalSection(ProjectConfigurationPlatforms) = postSolution
		{7240CF7C-1772-4699-B3BD-652AE71A5721}.Debug|Any CPU.ActiveCfg = Debug|Any CPU
		{7240CF7C-1772-4699-B3BD-652AE71A5721}.Debug|Any CPU.Build.0 = Debug|Any CPU
		{7240CF7C-1772-4699-B3BD-652AE71A5721}.Release|Any CPU.ActiveCfg = Release|Any CPU
		{7240CF7C-1772-4699-B3BD-652AE71A5721}.Release|Any CPU.Build.0 = Release|Any CPU
		{4280021B-A2D7-47A3-9E98-61A19363FCB0}.Debug|Any CPU.ActiveCfg = Debug|Any CPU
		{4280021B-A2D7-47A3-9E98-61A19363FCB0}.Debug|Any CPU.Build.0 = Debug|Any CPU
		{4280021B-A2D7-47A3-9E98-61A19363FCB0}.Release|Any CPU.ActiveCfg = Release|Any CPU
		{4280021B-A2D7-47A3-9E98-61A19363FCB0}.Release|Any CPU.Build.0 = Release|Any CPU
	EndGlobalSection
EndGlobal
